
Microsoft Visual Studio Solution File, Format Version 12.00
# Visual Studio 15
VisualStudioVersion = 15.0.27130.2010
MinimumVisualStudioVersion = 10.0.40219.1
Project("{FAE04EC0-301F-11D3-BF4B-00C04F79EFBC}") = "HelloWorld", "HelloWorld\HelloWorld.csproj", "{A1379B1F-4FC8-4182-BCAC-316379CDA5CB}"
EndProject
Global
	GlobalSection(SolutionConfigurationPlatforms) = preSolution
		Debug|Any CPU = Debug|Any CPU
		Release|Any CPU = Release|Any CPU
	EndGlobalSection
	GlobalSection(ProjectConfigurationPlatforms) = postSolution
		{A1379B1F-4FC8-4182-BCAC-316379CDA5CB}.Debug|Any CPU.ActiveCfg = Debug|Any CPU
		{A1379B1F-4FC8-4182-BCAC-316379CDA5CB}.Debug|Any CPU.Build.0 = Debug|Any CPU
		{A1379B1F-4FC8-4182-BCAC-316379CDA5CB}.Release|Any CPU.ActiveCfg = Release|Any CPU
		{A1379B1F-4FC8-4182-BCAC-316379CDA5CB}.Release|Any CPU.Build.0 = Release|Any CPU
	EndGlobalSection
	GlobalSection(SolutionProperties) = preSolution
		HideSolutionNode = FALSE
	EndGlobalSection
	GlobalSection(ExtensibilityGlobals) = postSolution
		SolutionGuid = {FEE6D538-8FBF-4C2C-AE74-EC9411E9616A}
	EndGlobalSection
EndGlobal
